{
  "version": "5",
  "specifiers": {
    "npm:@biomejs/biome@2.3.10": "2.3.10",
    "npm:@jsr/std__assert@1": "1.0.16",
    "npm:@jsr/std__async@1": "1.0.16",
    "npm:@jsr/std__testing@1": "1.0.16",
    "npm:@jsr/valkyr__event-emitter@1.0.1": "1.0.1",
    "npm:@jsr/valkyr__testcontainers@2": "2.0.2",
    "npm:expect@30.2.0": "30.2.0",
    "npm:fake-indexeddb@6.2.5": "6.2.5",
    "npm:idb@8.0.3": "8.0.3",
    "npm:mingo@7.1.1": "7.1.1",
    "npm:sorted-btree@2.1.0": "2.1.0",
    "npm:zod@4.3.4": "4.3.4"
  },
  "npm": {
    "@babel/code-frame@7.27.1": {
      "integrity": "sha512-cjQ7ZlQ0Mv3b47hABuTevyTuYN4i+loJKGeV9flcCgIK37cCXRh+L1bd3iBHlynerhQ7BhCkn2BPbQUL+rGqFg==",
      "dependencies": [
        "@babel/helper-validator-identifier",
        "js-tokens",
        "picocolors"
      ]
    },
    "@babel/helper-validator-identifier@7.28.5": {
      "integrity": "sha512-qSs4ifwzKJSV39ucNjsvc6WVHs6b7S03sOh2OcHF9UHfVPqWWALUsNUVzhSBiItjRZoLHx7nIarVjqKVusUZ1Q=="
    },
    "@biomejs/biome@2.3.10": {
      "integrity": "sha512-/uWSUd1MHX2fjqNLHNL6zLYWBbrJeG412/8H7ESuK8ewoRoMPUgHDebqKrPTx/5n6f17Xzqc9hdg3MEqA5hXnQ==",
      "optionalDependencies": [
        "@biomejs/cli-darwin-arm64",
        "@biomejs/cli-darwin-x64",
        "@biomejs/cli-linux-arm64",
        "@biomejs/cli-linux-arm64-musl",
        "@biomejs/cli-linux-x64",
        "@biomejs/cli-linux-x64-musl",
        "@biomejs/cli-win32-arm64",
        "@biomejs/cli-win32-x64"
      ],
      "bin": true
    },
    "@biomejs/cli-darwin-arm64@2.3.10": {
      "integrity": "sha512-M6xUjtCVnNGFfK7HMNKa593nb7fwNm43fq1Mt71kpLpb+4mE7odO8W/oWVDyBVO4ackhresy1ZYO7OJcVo/B7w==",
      "os": ["darwin"],
      "cpu": ["arm64"]
    },
    "@biomejs/cli-darwin-x64@2.3.10": {
      "integrity": "sha512-Vae7+V6t/Avr8tVbFNjnFSTKZogZHFYl7MMH62P/J1kZtr0tyRQ9Fe0onjqjS2Ek9lmNLmZc/VR5uSekh+p1fg==",
      "os": ["darwin"],
      "cpu": ["x64"]
    },
    "@biomejs/cli-linux-arm64-musl@2.3.10": {
      "integrity": "sha512-B9DszIHkuKtOH2IFeeVkQmSMVUjss9KtHaNXquYYWCjH8IstNgXgx5B0aSBQNr6mn4RcKKRQZXn9Zu1rM3O0/A==",
      "os": ["linux"],
      "cpu": ["arm64"]
    },
    "@biomejs/cli-linux-arm64@2.3.10": {
      "integrity": "sha512-hhPw2V3/EpHKsileVOFynuWiKRgFEV48cLe0eA+G2wO4SzlwEhLEB9LhlSrVeu2mtSn205W283LkX7Fh48CaxA==",
      "os": ["linux"],
      "cpu": ["arm64"]
    },
    "@biomejs/cli-linux-x64-musl@2.3.10": {
      "integrity": "sha512-QTfHZQh62SDFdYc2nfmZFuTm5yYb4eO1zwfB+90YxUumRCR171tS1GoTX5OD0wrv4UsziMPmrePMtkTnNyYG3g==",
      "os": ["linux"],
      "cpu": ["x64"]
    },
    "@biomejs/cli-linux-x64@2.3.10": {
      "integrity": "sha512-wwAkWD1MR95u+J4LkWP74/vGz+tRrIQvr8kfMMJY8KOQ8+HMVleREOcPYsQX82S7uueco60L58Wc6M1I9WA9Dw==",
      "os": ["linux"],
      "cpu": ["x64"]
    },
    "@biomejs/cli-win32-arm64@2.3.10": {
      "integrity": "sha512-o7lYc9n+CfRbHvkjPhm8s9FgbKdYZu5HCcGVMItLjz93EhgJ8AM44W+QckDqLA9MKDNFrR8nPbO4b73VC5kGGQ==",
      "os": ["win32"],
      "cpu": ["arm64"]
    },
    "@biomejs/cli-win32-x64@2.3.10": {
      "integrity": "sha512-pHEFgq7dUEsKnqG9mx9bXihxGI49X+ar+UBrEIj3Wqj3UCZp1rNgV+OoyjFgcXsjCWpuEAF4VJdkZr3TrWdCbQ==",
      "os": ["win32"],
      "cpu": ["x64"]
    },
    "@jest/diff-sequences@30.0.1": {
      "integrity": "sha512-n5H8QLDJ47QqbCNn5SuFjCRDrOLEZ0h8vAHCK5RL9Ls7Xa8AQLa/YxAc9UjFqoEDM48muwtBGjtMY5cr0PLDCw=="
    },
    "@jest/expect-utils@30.2.0": {
      "integrity": "sha512-1JnRfhqpD8HGpOmQp180Fo9Zt69zNtC+9lR+kT7NVL05tNXIi+QC8Csz7lfidMoVLPD3FnOtcmp0CEFnxExGEA==",
      "dependencies": [
        "@jest/get-type"
      ]
    },
    "@jest/get-type@30.1.0": {
      "integrity": "sha512-eMbZE2hUnx1WV0pmURZY9XoXPkUYjpc55mb0CrhtdWLtzMQPFvu/rZkTLZFTsdaVQa+Tr4eWAteqcUzoawq/uA=="
    },
    "@jest/pattern@30.0.1": {
      "integrity": "sha512-gWp7NfQW27LaBQz3TITS8L7ZCQ0TLvtmI//4OwlQRx4rnWxcPNIYjxZpDcN4+UlGxgm3jS5QPz8IPTCkb59wZA==",
      "dependencies": [
        "@types/node",
        "jest-regex-util"
      ]
    },
    "@jest/schemas@30.0.5": {
      "integrity": "sha512-DmdYgtezMkh3cpU8/1uyXakv3tJRcmcXxBOcO0tbaozPwpmh4YMsnWrQm9ZmZMfa5ocbxzbFk6O4bDPEc/iAnA==",
      "dependencies": [
        "@sinclair/typebox"
      ]
    },
    "@jest/types@30.2.0": {
      "integrity": "sha512-H9xg1/sfVvyfU7o3zMfBEjQ1gcsdeTMgqHoYdN79tuLqfTtuu7WckRA1R5whDwOzxaZAeMKTYWqP+WCAi0CHsg==",
      "dependencies": [
        "@jest/pattern",
        "@jest/schemas",
        "@types/istanbul-lib-coverage",
        "@types/istanbul-reports",
        "@types/node",
        "@types/yargs",
        "chalk"
      ]
    },
    "@jsr/std__assert@1.0.16": {
      "integrity": "sha512-bX9ih0nR1kQ12/cnQRCQU0ppTCV7MFkP0qjyWxJRoDI8RC5cpTAmLFH/KcFgxmdN4flKkRbub8VtLuyKq+4OxA==",
      "dependencies": [
        "@jsr/std__internal"
      ],
      "tarball": "https://npm.jsr.io/~/11/@jsr/std__assert/1.0.16.tgz"
    },
    "@jsr/std__async@1.0.16": {
      "integrity": "sha512-WoYmNEPSh+Bs09HvVceERknVX813wQjSb2D9Z0KdxGTMYl5Pm13e5xqa3mYu9QBRlxIxpTivGhIQYaslEezrhw==",
      "tarball": "https://npm.jsr.io/~/11/@jsr/std__async/1.0.16.tgz"
    },
    "@jsr/std__data-structures@1.0.9": {
      "integrity": "sha512-+mT4Nll6fx+CPNqrlC+huhIOYNSMS+KUdJ4B8NujiQrh/bq++ds5PXpEsfV5EPR+YuWcuDGG0P1DE+Rednd7Wg==",
      "dependencies": [
        "@jsr/std__assert"
      ],
      "tarball": "https://npm.jsr.io/~/11/@jsr/std__data-structures/1.0.9.tgz"
    },
    "@jsr/std__fs@1.0.21": {
      "integrity": "sha512-k/agrcKGm6KD89ci3AEyRmu3wRWf9JZNliOF4ZUxagTHiySmxjiKU3Lk+d2ksRtwEi7oWlLGS0AVM9Lciwc/xg==",
      "dependencies": [
        "@jsr/std__internal",
        "@jsr/std__path"
      ],
      "tarball": "https://npm.jsr.io/~/11/@jsr/std__fs/1.0.21.tgz"
    },
    "@jsr/std__internal@1.0.12": {
      "integrity": "sha512-6xReMW9p+paJgqoFRpOE2nogJFvzPfaLHLIlyADYjKMUcwDyjKZxryIbgcU+gxiTygn8yCjld1HoI0ET4/iZeA==",
      "tarball": "https://npm.jsr.io/~/11/@jsr/std__internal/1.0.12.tgz"
    },
    "@jsr/std__net@1.0.6": {
      "integrity": "sha512-mh27Fw4UMCjGSIMoOhjia5cS5fNP9M9DZYhGB7EYSZNnzf/eguFiarii/W4oDwYMmnxCMouUzhc6Y7jFuwTzcg==",
      "tarball": "https://npm.jsr.io/~/11/@jsr/std__net/1.0.6.tgz"
    },
    "@jsr/std__path@1.1.4": {
      "integrity": "sha512-SK4u9H6NVTfolhPdlvdYXfNFefy1W04AEHWJydryYbk+xqzNiVmr5o7TLJLJFqwHXuwMRhwrn+mcYeUfS0YFaA==",
      "dependencies": [
        "@jsr/std__internal"
      ],
      "tarball": "https://npm.jsr.io/~/11/@jsr/std__path/1.1.4.tgz"
    },
    "@jsr/std__testing@1.0.16": {
      "integrity": "sha512-suPk2iMICErQVuRcNj7HweRbFYsBLjqnrI0NgNEXzBAJYv8lA+/87IXMgv/rvyqSABHn3X4ciynFZgpyPCI32A==",
      "dependencies": [
        "@jsr/std__assert",
        "@jsr/std__async",
        "@jsr/std__data-structures",
        "@jsr/std__fs",
        "@jsr/std__internal",
        "@jsr/std__path"
      ],
      "tarball": "https://npm.jsr.io/~/11/@jsr/std__testing/1.0.16.tgz"
    },
    "@jsr/valkyr__event-emitter@1.0.1": {
      "integrity": "sha512-mre5tWJddz8LylSQWuLOw3zgIxd2JmhGRV46jKXNPCGzY2NKJwGGT9H7SBw36RV4dW7jnnH2U1aCJkh8IS/pzA==",
      "dependencies": [
        "eventemitter3"
      ],
      "tarball": "https://npm.jsr.io/~/11/@jsr/valkyr__event-emitter/1.0.1.tgz"
    },
    "@jsr/valkyr__testcontainers@2.0.2": {
      "integrity": "sha512-YnmfraYFr3msoUGrIFeElm03nbQqXOaPu0QUT6JI3w6/mIYpVfzPxghkB7gn2RIc81QgrqjwKJE/AL3dltlR1w==",
      "dependencies": [
        "@jsr/std__async",
        "@jsr/std__fs",
        "@jsr/std__net",
        "mongodb",
        "postgres"
      ],
      "tarball": "https://npm.jsr.io/~/11/@jsr/valkyr__testcontainers/2.0.2.tgz"
    },
    "@mongodb-js/saslprep@1.4.4": {
      "integrity": "sha512-p7X/ytJDIdwUfFL/CLOhKgdfJe1Fa8uw9seJYvdOmnP9JBWGWHW69HkOixXS6Wy9yvGf1MbhcS6lVmrhy4jm2g==",
      "dependencies": [
        "sparse-bitfield"
      ]
    },
    "@sinclair/typebox@0.34.46": {
      "integrity": "sha512-kiW7CtS/NkdvTUjkjUJo7d5JsFfbJ14YjdhDk9KoEgK6nFjKNXZPrX0jfLA8ZlET4cFLHxOZ/0vFKOP+bOxIOQ=="
    },
    "@types/istanbul-lib-coverage@2.0.6": {
      "integrity": "sha512-2QF/t/auWm0lsy8XtKVPG19v3sSOQlJe/YHZgfjb/KBBHOGSV+J2q/S671rcq9uTBrLAXmZpqJiaQbMT+zNU1w=="
    },
    "@types/istanbul-lib-report@3.0.3": {
      "integrity": "sha512-NQn7AHQnk/RSLOxrBbGyJM/aVQ+pjj5HCgasFxc0K/KhoATfQ/47AyUl15I2yBUpihjmas+a+VJBOqecrFH+uA==",
      "dependencies": [
        "@types/istanbul-lib-coverage"
      ]
    },
    "@types/istanbul-reports@3.0.4": {
      "integrity": "sha512-pk2B1NWalF9toCRu6gjBzR69syFjP4Od8WRAX+0mmf9lAjCRicLOWc+ZrxZHx/0XRjotgkF9t6iaMJ+aXcOdZQ==",
      "dependencies": [
        "@types/istanbul-lib-report"
      ]
    },
    "@types/node@24.2.0": {
      "integrity": "sha512-3xyG3pMCq3oYCNg7/ZP+E1ooTaGB4cG8JWRsqqOYQdbWNY4zbaV0Ennrd7stjiJEFZCaybcIgpTjJWHRfBSIDw==",
      "dependencies": [
        "undici-types"
      ]
    },
    "@types/stack-utils@2.0.3": {
      "integrity": "sha512-9aEbYZ3TbYMznPdcdr3SmIrLXwC/AKZXQeCf9Pgao5CKb8CyHuEX5jzWPTkvregvhRJHcpRO6BFoGW9ycaOkYw=="
    },
    "@types/webidl-conversions@7.0.3": {
      "integrity": "sha512-CiJJvcRtIgzadHCYXw7dqEnMNRjhGZlYK05Mj9OyktqV8uVT8fD2BFOB7S1uwBE3Kj2Z+4UyPmFw/Ixgw/LAlA=="
    },
    "@types/whatwg-url@11.0.5": {
      "integrity": "sha512-coYR071JRaHa+xoEvvYqvnIHaVqaYrLPbsufM9BF63HkwI5Lgmy2QR8Q5K/lYDYo5AK82wOvSOS0UsLTpTG7uQ==",
      "dependencies": [
        "@types/webidl-conversions"
      ]
    },
    "@types/yargs-parser@21.0.3": {
      "integrity": "sha512-I4q9QU9MQv4oEOz4tAHJtNz1cwuLxn2F3xcc2iV5WdqLPpUnj30aUuxt1mAxYTG+oe8CZMV/+6rU4S4gRDzqtQ=="
    },
    "@types/yargs@17.0.35": {
      "integrity": "sha512-qUHkeCyQFxMXg79wQfTtfndEC+N9ZZg76HJftDJp+qH2tV7Gj4OJi7l+PiWwJ+pWtW8GwSmqsDj/oymhrTWXjg==",
      "dependencies": [
        "@types/yargs-parser"
      ]
    },
    "ansi-styles@4.3.0": {
      "integrity": "sha512-zbB9rCJAT1rbjiVDb2hqKFHNYLxgtk8NURxZ3IZwD3F6NtxbXZQCnnSi1Lkx+IDohdPlFp222wVALIheZJQSEg==",
      "dependencies": [
        "color-convert"
      ]
    },
    "ansi-styles@5.2.0": {
      "integrity": "sha512-Cxwpt2SfTzTtXcfOlzGEee8O+c+MmUgGrNiBcXnuWxuFJHe6a5Hz7qwhwe5OgaSYI0IJvkLqWX1ASG+cJOkEiA=="
    },
    "braces@3.0.3": {
      "integrity": "sha512-yQbXgO/OSZVD2IsiLlro+7Hf6Q18EJrKSEsdoMzKePKXct3gvD8oLcOQdIzGupr5Fj+EDe8gO/lxc1BzfMpxvA==",
      "dependencies": [
        "fill-range"
      ]
    },
    "bson@6.10.4": {
      "integrity": "sha512-WIsKqkSC0ABoBJuT1LEX+2HEvNmNKKgnTAyd0fL8qzK4SH2i9NXg+t08YtdZp/V9IZ33cxe3iV4yM0qg8lMQng=="
    },
    "chalk@4.1.2": {
      "integrity": "sha512-oKnbhFyRIXpUuez8iBMmyEa4nbj4IOQyuhc/wy9kY7/WVPcwIO9VA668Pu8RkO7+0G76SLROeyw9CpQ061i4mA==",
      "dependencies": [
        "ansi-styles@4.3.0",
        "supports-color"
      ]
    },
    "ci-info@4.3.1": {
      "integrity": "sha512-Wdy2Igu8OcBpI2pZePZ5oWjPC38tmDVx5WKUXKwlLYkA0ozo85sLsLvkBbBn/sZaSCMFOGZJ14fvW9t5/d7kdA=="
    },
    "color-convert@2.0.1": {
      "integrity": "sha512-RRECPsj7iu/xb5oKYcsFHSppFNnsj/52OVTRKb4zP5onXwVF3zVmmToNcOfGC+CRDpfK/U584fMg38ZHCaElKQ==",
      "dependencies": [
        "color-name"
      ]
    },
    "color-name@1.1.4": {
      "integrity": "sha512-dOy+3AuW3a2wNbZHIuMZpTcgjGuLU/uBL/ubcZF9OXbDo8ff4O8yVp5Bf0efS8uEoYo5q4Fx7dY9OgQGXgAsQA=="
    },
    "escape-string-regexp@2.0.0": {
      "integrity": "sha512-UpzcLCXolUWcNu5HtVMHYdXJjArjsF9C0aNnquZYY4uW/Vu0miy5YoWvbV345HauVvcAUnpRuhMMcqTcGOY2+w=="
    },
    "eventemitter3@5.0.1": {
      "integrity": "sha512-GWkBvjiSZK87ELrYOSESUYeVIc9mvLLf/nXalMOS5dYrgZq9o5OVkbZAVM06CVxYsCwH9BDZFPlQTlPA1j4ahA=="
    },
    "expect@30.2.0": {
      "integrity": "sha512-u/feCi0GPsI+988gU2FLcsHyAHTU0MX1Wg68NhAnN7z/+C5wqG+CY8J53N9ioe8RXgaoz0nBR/TYMf3AycUuPw==",
      "dependencies": [
        "@jest/expect-utils",
        "@jest/get-type",
        "jest-matcher-utils",
        "jest-message-util",
        "jest-mock",
        "jest-util"
      ]
    },
    "fake-indexeddb@6.2.5": {
      "integrity": "sha512-CGnyrvbhPlWYMngksqrSSUT1BAVP49dZocrHuK0SvtR0D5TMs5wP0o3j7jexDJW01KSadjBp1M/71o/KR3nD1w=="
    },
    "fill-range@7.1.1": {
      "integrity": "sha512-YsGpe3WHLK8ZYi4tWDg2Jy3ebRz2rXowDxnld4bkQB00cc/1Zw9AWnC0i9ztDJitivtQvaI9KaLyKrc+hBW0yg==",
      "dependencies": [
        "to-regex-range"
      ]
    },
    "graceful-fs@4.2.11": {
      "integrity": "sha512-RbJ5/jmFcNNCcDV5o9eTnBLJ/HszWV0P73bc+Ff4nS/rJj+YaS6IGyiOL0VoBYX+l1Wrl3k63h/KrH+nhJ0XvQ=="
    },
    "has-flag@4.0.0": {
      "integrity": "sha512-EykJT/Q1KjTWctppgIAgfSO0tKVuZUjhgMr17kqTumMl6Afv3EISleU7qZUzoXDFTAHTDC4NOoG/ZxU3EvlMPQ=="
    },
    "idb@8.0.3": {
      "integrity": "sha512-LtwtVyVYO5BqRvcsKuB2iUMnHwPVByPCXFXOpuU96IZPPoPN6xjOGxZQ74pgSVVLQWtUOYgyeL4GE98BY5D3wg=="
    },
    "is-number@7.0.0": {
      "integrity": "sha512-41Cifkg6e8TylSpdtTpeLVMqvSBEVzTttHvERD741+pnZ8ANv0004MRL43QKPDlK9cGvNp6NZWZUBlbGXYxxng=="
    },
    "jest-diff@30.2.0": {
      "integrity": "sha512-dQHFo3Pt4/NLlG5z4PxZ/3yZTZ1C7s9hveiOj+GCN+uT109NC2QgsoVZsVOAvbJ3RgKkvyLGXZV9+piDpWbm6A==",
      "dependencies": [
        "@jest/diff-sequences",
        "@jest/get-type",
        "chalk",
        "pretty-format"
      ]
    },
    "jest-matcher-utils@30.2.0": {
      "integrity": "sha512-dQ94Nq4dbzmUWkQ0ANAWS9tBRfqCrn0bV9AMYdOi/MHW726xn7eQmMeRTpX2ViC00bpNaWXq+7o4lIQ3AX13Hg==",
      "dependencies": [
        "@jest/get-type",
        "chalk",
        "jest-diff",
        "pretty-format"
      ]
    },
    "jest-message-util@30.2.0": {
      "integrity": "sha512-y4DKFLZ2y6DxTWD4cDe07RglV88ZiNEdlRfGtqahfbIjfsw1nMCPx49Uev4IA/hWn3sDKyAnSPwoYSsAEdcimw==",
      "dependencies": [
        "@babel/code-frame",
        "@jest/types",
        "@types/stack-utils",
        "chalk",
        "graceful-fs",
        "micromatch",
        "pretty-format",
        "slash",
        "stack-utils"
      ]
    },
    "jest-mock@30.2.0": {
      "integrity": "sha512-JNNNl2rj4b5ICpmAcq+WbLH83XswjPbjH4T7yvGzfAGCPh1rw+xVNbtk+FnRslvt9lkCcdn9i1oAoKUuFsOxRw==",
      "dependencies": [
        "@jest/types",
        "@types/node",
        "jest-util"
      ]
    },
    "jest-regex-util@30.0.1": {
      "integrity": "sha512-jHEQgBXAgc+Gh4g0p3bCevgRCVRkB4VB70zhoAE48gxeSr1hfUOsM/C2WoJgVL7Eyg//hudYENbm3Ne+/dRVVA=="
    },
    "jest-util@30.2.0": {
      "integrity": "sha512-QKNsM0o3Xe6ISQU869e+DhG+4CK/48aHYdJZGlFQVTjnbvgpcKyxpzk29fGiO7i/J8VENZ+d2iGnSsvmuHywlA==",
      "dependencies": [
        "@jest/types",
        "@types/node",
        "chalk",
        "ci-info",
        "graceful-fs",
        "picomatch@4.0.3"
      ]
    },
    "js-tokens@4.0.0": {
      "integrity": "sha512-RdJUflcE3cUzKiMqQgsCu06FPu9UdIJO0beYbPhHN4k6apgJtifcoCtT9bcxOpYBtpD2kCM6Sbzg4CausW/PKQ=="
    },
    "memory-pager@1.5.0": {
      "integrity": "sha512-ZS4Bp4r/Zoeq6+NLJpP+0Zzm0pR8whtGPf1XExKLJBAczGMnSi3It14OiNCStjQjM6NU1okjQGSxgEZN8eBYKg=="
    },
    "micromatch@4.0.8": {
      "integrity": "sha512-PXwfBhYu0hBCPw8Dn0E+WDYb7af3dSLVWKi3HGv84IdF4TyFoC0ysxFd0Goxw7nSv4T/PzEJQxsYsEiFCKo2BA==",
      "dependencies": [
        "braces",
        "picomatch@2.3.1"
      ]
    },
    "mingo@7.1.1": {
      "integrity": "sha512-YfcRcZ4TRzRw1G3tf8Nu04fIoFr8hVYdTDktXU2ZLXnfn51E8yeUDixOGGQYQLduMjfznsCmEuBwzncw9lGxwA=="
    },
    "mongodb-connection-string-url@3.0.2": {
      "integrity": "sha512-rMO7CGo/9BFwyZABcKAWL8UJwH/Kc2x0g72uhDWzG48URRax5TCIcJ7Rc3RZqffZzO/Gwff/jyKwCU9TN8gehA==",
      "dependencies": [
        "@types/whatwg-url",
        "whatwg-url"
      ]
    },
    "mongodb@6.21.0": {
      "integrity": "sha512-URyb/VXMjJ4da46OeSXg+puO39XH9DeQpWCslifrRn9JWugy0D+DvvBvkm2WxmHe61O/H19JM66p1z7RHVkZ6A==",
      "dependencies": [
        "@mongodb-js/saslprep",
        "bson",
        "mongodb-connection-string-url"
      ]
    },
    "picocolors@1.1.1": {
      "integrity": "sha512-xceH2snhtb5M9liqDsmEw56le376mTZkEX/jEb/RxNFyegNul7eNslCXP9FDj/Lcu0X8KEyMceP2ntpaHrDEVA=="
    },
    "picomatch@2.3.1": {
      "integrity": "sha512-JU3teHTNjmE2VCGFzuY8EXzCDVwEqB2a8fsIvwaStHhAWJEeVd1o1QD80CU6+ZdEXXSLbSsuLwJjkCBWqRQUVA=="
    },
    "picomatch@4.0.3": {
      "integrity": "sha512-5gTmgEY/sqK6gFXLIsQNH19lWb4ebPDLA4SdLP7dsWkIXHWlG66oPuVvXSGFPppYZz8ZDZq0dYYrbHfBCVUb1Q=="
    },
    "postgres@3.4.7": {
      "integrity": "sha512-Jtc2612XINuBjIl/QTWsV5UvE8UHuNblcO3vVADSrKsrc6RqGX6lOW1cEo3CM2v0XG4Nat8nI+YM7/f26VxXLw=="
    },
    "pretty-format@30.2.0": {
      "integrity": "sha512-9uBdv/B4EefsuAL+pWqueZyZS2Ba+LxfFeQ9DN14HU4bN8bhaxKdkpjpB6fs9+pSjIBu+FXQHImEg8j/Lw0+vA==",
      "dependencies": [
        "@jest/schemas",
        "ansi-styles@5.2.0",
        "react-is"
      ]
    },
    "punycode@2.3.1": {
      "integrity": "sha512-vYt7UD1U9Wg6138shLtLOvdAu+8DsC/ilFtEVHcH+wydcSpNE20AfSOduf6MkRFahL5FY7X1oU7nKVZFtfq8Fg=="
    },
    "react-is@18.3.1": {
      "integrity": "sha512-/LLMVyas0ljjAtoYiPqYiL8VWXzUUdThrmU5+n20DZv+a+ClRoevUzw5JxU+Ieh5/c87ytoTBV9G1FiKfNJdmg=="
    },
    "slash@3.0.0": {
      "integrity": "sha512-g9Q1haeby36OSStwb4ntCGGGaKsaVSjQ68fBxoQcutl5fS1vuY18H3wSt3jFyFtrkx+Kz0V1G85A4MyAdDMi2Q=="
    },
    "sorted-btree@2.1.0": {
      "integrity": "sha512-AtYXy3lL+5jrATpbymC2bM8anN/3maLkmVCd94MzypnKjokfCid/zeS3rvXedv7W6ffSfqKIGdz3UaJPWRBZ0g=="
    },
    "sparse-bitfield@3.0.3": {
      "integrity": "sha512-kvzhi7vqKTfkh0PZU+2D2PIllw2ymqJKujUcyPMd9Y75Nv4nPbGJZXNhxsgdQab2BmlDct1YnfQCguEvHr7VsQ==",
      "dependencies": [
        "memory-pager"
      ]
    },
    "stack-utils@2.0.6": {
      "integrity": "sha512-XlkWvfIm6RmsWtNJx+uqtKLS8eqFbxUg0ZzLXqY0caEy9l7hruX8IpiDnjsLavoBgqCCR71TqWO8MaXYheJ3RQ==",
      "dependencies": [
        "escape-string-regexp"
      ]
    },
    "supports-color@7.2.0": {
      "integrity": "sha512-qpCAvRl9stuOHveKsn7HncJRvv501qIacKzQlO/+Lwxc9+0q2wLyv4Dfvt80/DPn2pqOBsJdDiogXGR9+OvwRw==",
      "dependencies": [
        "has-flag"
      ]
    },
    "to-regex-range@5.0.1": {
      "integrity": "sha512-65P7iz6X5yEr1cwcgvQxbbIw7Uk3gOy5dIdtZ4rDveLqhrdJP+Li/Hx6tyK0NEb+2GCyneCMJiGqrADCSNk8sQ==",
      "dependencies": [
        "is-number"
      ]
    },
    "tr46@5.1.1": {
      "integrity": "sha512-hdF5ZgjTqgAntKkklYw0R03MG2x/bSzTtkxmIRw/sTNV8YXsCJ1tfLAX23lhxhHJlEf3CRCOCGGWw3vI3GaSPw==",
      "dependencies": [
        "punycode"
      ]
    },
    "undici-types@7.10.0": {
      "integrity": "sha512-t5Fy/nfn+14LuOc2KNYg75vZqClpAiqscVvMygNnlsHBFpSXdJaYtXMcdNLpl/Qvc3P2cB3s6lOV51nqsFq4ag=="
    },
    "webidl-conversions@7.0.0": {
      "integrity": "sha512-VwddBukDzu71offAQR975unBIGqfKZpM+8ZX6ySk8nYhVoo5CYaZyzt3YBvYtRtO+aoGlqxPg/B87NGVZ/fu6g=="
    },
    "whatwg-url@14.2.0": {
      "integrity": "sha512-De72GdQZzNTUBBChsXueQUnPKDkg/5A5zp7pFDuQAj5UFoENpiACU0wlCvzpAGnTkj++ihpKwKyYewn/XNUbKw==",
      "dependencies": [
        "tr46",
        "webidl-conversions"
      ]
    },
    "zod@4.3.4": {
      "integrity": "sha512-Zw/uYiiyF6pUT1qmKbZziChgNPRu+ZRneAsMUDU6IwmXdWt5JwcUfy2bvLOCUtz5UniaN/Zx5aFttZYbYc7O/A=="
    }
  },
  "workspace": {
    "packageJson": {
      "dependencies": [
        "npm:@biomejs/biome@2.3.10",
        "npm:@jsr/std__assert@1",
        "npm:@jsr/std__async@1",
        "npm:@jsr/std__testing@1",
        "npm:@jsr/valkyr__event-emitter@1.0.1",
        "npm:@jsr/valkyr__testcontainers@2",
        "npm:expect@30.2.0",
        "npm:fake-indexeddb@6.2.5",
        "npm:idb@8.0.3",
        "npm:mingo@7.1.1",
        "npm:sorted-btree@2.1.0",
        "npm:zod@4.3.4"
      ]
    }
  }
}
